
Microsoft Visual Studio Solution File, Format Version 12.00
# Visual Studio Version 17
VisualStudioVersion = 17.7.34009.444
MinimumVisualStudioVersion = 10.0.40219.1
Project("{2150E333-8FDC-42A3-9474-1A3956D46DE8}") = "Services", "Services", "{FA2ACA18-91D0-41CA-811C-9BF62756C587}"
EndProject
Project("{2150E333-8FDC-42A3-9474-1A3956D46DE8}") = "Catalog", "Catalog", "{D82F2FD9-2A50-408A-9B05-4833F91450A7}"
EndProject
Project("{9A19103F-16F7-4668-BE54-9A1E7A4F7556}") = "Catalog.API", "Services\Catalog\Catalog.API\Catalog.API.csproj", "{6C7C9EC8-33F2-48B0-988C-1310EEB9900A}"
EndProject
Project("{E53339B2-1760-4266-BCC7-CA923CBCF16C}") = "docker-compose", "docker-compose.dcproj", "{1230331B-3762-4BFF-ABE4-C4DA9E565D8B}"
EndProject
Project("{2150E333-8FDC-42A3-9474-1A3956D46DE8}") = "Basket", "Basket", "{988F0AB2-112A-4755-8B04-191F052AE7A2}"
EndProject
Project("{9A19103F-16F7-4668-BE54-9A1E7A4F7556}") = "Basket.API", "Services\Basket\Basket.API\Basket.API.csproj", "{5C8BD9FA-D6FE-4243-B520-931BC8B10EBE}"
EndProject
Project("{2150E333-8FDC-42A3-9474-1A3956D46DE8}") = "Discount", "Discount", "{395A0D7A-9BFD-4D38-8D6A-421F91242F51}"
EndProject
Project("{9A19103F-16F7-4668-BE54-9A1E7A4F7556}") = "Discount.API", "Services\Discount\Discount.API\Discount.API.csproj", "{3309DF61-FC54-4B61-91E4-29FE190F9459}"
EndProject
Project("{9A19103F-16F7-4668-BE54-9A1E7A4F7556}") = "Discount.Grpc", "Services\Discount\Discount.Grpc\Discount.Grpc.csproj", "{39F17CF2-300D-4036-B3CC-AEC479BAAEAE}"
EndProject
Project("{2150E333-8FDC-42A3-9474-1A3956D46DE8}") = "Ordering", "Ordering", "{488985B7-CCE7-4074-92B8-2AFD569C59DC}"
EndProject
Project("{9A19103F-16F7-4668-BE54-9A1E7A4F7556}") = "Ordering.API", "Services\Ordering\Ordering.API\Ordering.API.csproj", "{D238C8A1-5E8D-4320-B259-D68A6395326E}"
EndProject
Project("{9A19103F-16F7-4668-BE54-9A1E7A4F7556}") = "Ordering.Domain", "Services\Ordering\Ordering.Domain\Ordering.Domain.csproj", "{03B9D1FE-FF06-447F-AC76-19D0DE28AE7F}"
EndProject
Project("{9A19103F-16F7-4668-BE54-9A1E7A4F7556}") = "Ordering.Application", "Services\Ordering\Ordering.Application\Ordering.Application.csproj", "{F4253169-DEE7-41B8-BAE9-3BAE244E4283}"
EndProject
Project("{9A19103F-16F7-4668-BE54-9A1E7A4F7556}") = "Ordering.Infrastructure", "Services\Ordering\Ordering.Infrastructure\Ordering.Infrastructure.csproj", "{2F00F2CB-B478-4E9C-A79A-781A2FB4CF54}"
EndProject
Project("{2150E333-8FDC-42A3-9474-1A3956D46DE8}") = "BuildingBlocks", "BuildingBlocks", "{F84A056E-8924-4522-895C-4A02C81B6D71}"
EndProject
Project("{FAE04EC0-301F-11D3-BF4B-00C04F79EFBC}") = "EventBus.Messages", "BuildingBlocks\EventBus.Messages\EventBus.Messages.csproj", "{9861B7B4-315F-4377-A255-A6DEF6C3ABE1}"
EndProject
Global
	GlobalSection(SolutionConfigurationPlatforms) = preSolution
		Debug|Any CPU = Debug|Any CPU
		Release|Any CPU = Release|Any CPU
	EndGlobalSection
	GlobalSection(ProjectConfigurationPlatforms) = postSolution
		{6C7C9EC8-33F2-48B0-988C-1310EEB9900A}.Debug|Any CPU.ActiveCfg = Debug|Any CPU
		{6C7C9EC8-33F2-48B0-988C-1310EEB9900A}.Debug|Any CPU.Build.0 = Debug|Any CPU
		{6C7C9EC8-33F2-48B0-988C-1310EEB9900A}.Release|Any CPU.ActiveCfg = Release|Any CPU
		{6C7C9EC8-33F2-48B0-988C-1310EEB9900A}.Release|Any CPU.Build.0 = Release|Any CPU
		{1230331B-3762-4BFF-ABE4-C4DA9E565D8B}.Debug|Any CPU.ActiveCfg = Debug|Any CPU
		{1230331B-3762-4BFF-ABE4-C4DA9E565D8B}.Debug|Any CPU.Build.0 = Debug|Any CPU
		{1230331B-3762-4BFF-ABE4-C4DA9E565D8B}.Release|Any CPU.ActiveCfg = Release|Any CPU
		{1230331B-3762-4BFF-ABE4-C4DA9E565D8B}.Release|Any CPU.Build.0 = Release|Any CPU
		{5C8BD9FA-D6FE-4243-B520-931BC8B10EBE}.Debug|Any CPU.ActiveCfg = Debug|Any CPU
		{5C8BD9FA-D6FE-4243-B520-931BC8B10EBE}.Debug|Any CPU.Build.0 = Debug|Any CPU
		{5C8BD9FA-D6FE-4243-B520-931BC8B10EBE}.Release|Any CPU.ActiveCfg = Release|Any CPU
		{5C8BD9FA-D6FE-4243-B520-931BC8B10EBE}.Release|Any CPU.Build.0 = Release|Any CPU
		{3309DF61-FC54-4B61-91E4-29FE190F9459}.Debug|Any CPU.ActiveCfg = Debug|Any CPU
		{3309DF61-FC54-4B61-91E4-29FE190F9459}.Debug|Any CPU.Build.0 = Debug|Any CPU
		{3309DF61-FC54-4B61-91E4-29FE190F9459}.Release|Any CPU.ActiveCfg = Release|Any CPU
		{3309DF61-FC54-4B61-91E4-29FE190F9459}.Release|Any CPU.Build.0 = Release|Any CPU
		{39F17CF2-300D-4036-B3CC-AEC479BAAEAE}.Debug|Any CPU.ActiveCfg = Debug|Any CPU
		{39F17CF2-300D-4036-B3CC-AEC479BAAEAE}.Debug|Any CPU.Build.0 = Debug|Any CPU
		{39F17CF2-300D-4036-B3CC-AEC479BAAEAE}.Release|Any CPU.ActiveCfg = Release|Any CPU
		{39F17CF2-300D-4036-B3CC-AEC479BAAEAE}.Release|Any CPU.Build.0 = Release|Any CPU
		{D238C8A1-5E8D-4320-B259-D68A6395326E}.Debug|Any CPU.ActiveCfg = Debug|Any CPU
		{D238C8A1-5E8D-4320-B259-D68A6395326E}.Debug|Any CPU.Build.0 = Debug|Any CPU
		{D238C8A1-5E8D-4320-B259-D68A6395326E}.Release|Any CPU.ActiveCfg = Release|Any CPU
		{D238C8A1-5E8D-4320-B259-D68A6395326E}.Release|Any CPU.Build.0 = Release|Any CPU
		{03B9D1FE-FF06-447F-AC76-19D0DE28AE7F}.Debug|Any CPU.ActiveCfg = Debug|Any CPU
		{03B9D1FE-FF06-447F-AC76-19D0DE28AE7F}.Debug|Any CPU.Build.0 = Debug|Any CPU
		{03B9D1FE-FF06-447F-AC76-19D0DE28AE7F}.Release|Any CPU.ActiveCfg = Release|Any CPU
		{03B9D1FE-FF06-447F-AC76-19D0DE28AE7F}.Release|Any CPU.Build.0 = Release|Any CPU
		{F4253169-DEE7-41B8-BAE9-3BAE244E4283}.Debug|Any CPU.ActiveCfg = Debug|Any CPU
		{F4253169-DEE7-41B8-BAE9-3BAE244E4283}.Debug|Any CPU.Build.0 = Debug|Any CPU
		{F4253169-DEE7-41B8-BAE9-3BAE244E4283}.Release|Any CPU.ActiveCfg = Release|Any CPU
		{F4253169-DEE7-41B8-BAE9-3BAE244E4283}.Release|Any CPU.Build.0 = Release|Any CPU
		{2F00F2CB-B478-4E9C-A79A-781A2FB4CF54}.Debug|Any CPU.ActiveCfg = Debug|Any CPU
		{2F00F2CB-B478-4E9C-A79A-781A2FB4CF54}.Debug|Any CPU.Build.0 = Debug|Any CPU
		{2F00F2CB-B478-4E9C-A79A-781A2FB4CF54}.Release|Any CPU.ActiveCfg = Release|Any CPU
		{2F00F2CB-B478-4E9C-A79A-781A2FB4CF54}.Release|Any CPU.Build.0 = Release|Any CPU
		{9861B7B4-315F-4377-A255-A6DEF6C3ABE1}.Debug|Any CPU.ActiveCfg = Debug|Any CPU
		{9861B7B4-315F-4377-A255-A6DEF6C3ABE1}.Debug|Any CPU.Build.0 = Debug|Any CPU
		{9861B7B4-315F-4377-A255-A6DEF6C3ABE1}.Release|Any CPU.ActiveCfg = Release|Any CPU
		{9861B7B4-315F-4377-A255-A6DEF6C3ABE1}.Release|Any CPU.Build.0 = Release|Any CPU
	EndGlobalSection
	GlobalSection(SolutionProperties) = preSolution
		HideSolutionNode = FALSE
	EndGlobalSection
	GlobalSection(NestedProjects) = preSolution
		{D82F2FD9-2A50-408A-9B05-4833F91450A7} = {FA2ACA18-91D0-41CA-811C-9BF62756C587}
		{6C7C9EC8-33F2-48B0-988C-1310EEB9900A} = {D82F2FD9-2A50-408A-9B05-4833F91450A7}
		{988F0AB2-112A-4755-8B04-191F052AE7A2} = {FA2ACA18-91D0-41CA-811C-9BF62756C587}
		{5C8BD9FA-D6FE-4243-B520-931BC8B10EBE} = {988F0AB2-112A-4755-8B04-191F052AE7A2}
		{395A0D7A-9BFD-4D38-8D6A-421F91242F51} = {FA2ACA18-91D0-41CA-811C-9BF62756C587}
		{3309DF61-FC54-4B61-91E4-29FE190F9459} = {395A0D7A-9BFD-4D38-8D6A-421F91242F51}
		{39F17CF2-300D-4036-B3CC-AEC479BAAEAE} = {395A0D7A-9BFD-4D38-8D6A-421F91242F51}
		{488985B7-CCE7-4074-92B8-2AFD569C59DC} = {FA2ACA18-91D0-41CA-811C-9BF62756C587}
		{D238C8A1-5E8D-4320-B259-D68A6395326E} = {488985B7-CCE7-4074-92B8-2AFD569C59DC}
		{03B9D1FE-FF06-447F-AC76-19D0DE28AE7F} = {488985B7-CCE7-4074-92B8-2AFD569C59DC}
		{F4253169-DEE7-41B8-BAE9-3BAE244E4283} = {488985B7-CCE7-4074-92B8-2AFD569C59DC}
		{2F00F2CB-B478-4E9C-A79A-781A2FB4CF54} = {488985B7-CCE7-4074-92B8-2AFD569C59DC}
		{9861B7B4-315F-4377-A255-A6DEF6C3ABE1} = {F84A056E-8924-4522-895C-4A02C81B6D71}
	EndGlobalSection
	GlobalSection(ExtensibilityGlobals) = postSolution
		SolutionGuid = {34AF7BB0-2431-4E62-B55B-B265367DE04E}
	EndGlobalSection
EndGlobal
